{
  "name": "BLS",
  "lockfileVersion": 2,
  "requires": true,
  "packages": {
    "": {
      "dependencies": {
        "luxon": "^3.3.0",
        "playwright": "^1.30.0"
      },
      "devDependencies": {
        "@playwright/test": "^1.30.0"
      }
    },
    "node_modules/@playwright/test": {
      "version": "1.30.0",
      "resolved": "https://registry.npmjs.org/@playwright/test/-/test-1.30.0.tgz",
      "integrity": "sha512-SVxkQw1xvn/Wk/EvBnqWIq6NLo1AppwbYOjNLmyU0R1RoQ3rLEBtmjTnElcnz8VEtn11fptj1ECxK0tgURhajw==",
      "dev": true,
      "dependencies": {
        "@types/node": "*",
        "playwright-core": "1.30.0"
      },
      "bin": {
        "playwright": "cli.js"
      },
      "engines": {
        "node": ">=14"
      }
    },
    "node_modules/@types/node": {
      "version": "18.13.0",
      "resolved": "https://registry.npmjs.org/@types/node/-/node-18.13.0.tgz",
      "integrity": "sha512-gC3TazRzGoOnoKAhUx+Q0t8S9Tzs74z7m0ipwGpSqQrleP14hKxP4/JUeEQcD3W1/aIpnWl8pHowI7WokuZpXg==",
      "dev": true
    },
    "node_modules/luxon": {
      "version": "3.3.0",
      "resolved": "https://registry.npmjs.org/luxon/-/luxon-3.3.0.tgz",
      "integrity": "sha512-An0UCfG/rSiqtAIiBPO0Y9/zAnHUZxAMiCpTd5h2smgsj7GGmcenvrvww2cqNA8/4A5ZrD1gJpHN2mIHZQF+Mg==",
      "engines": {
        "node": ">=12"
      }
    },
    "node_modules/playwright": {
      "version": "1.30.0",
      "resolved": "https://registry.npmjs.org/playwright/-/playwright-1.30.0.tgz",
      "integrity": "sha512-ENbW5o75HYB3YhnMTKJLTErIBExrSlX2ZZ1C/FzmHjUYIfxj/UnI+DWpQr992m+OQVSg0rCExAOlRwB+x+yyIg==",
      "hasInstallScript": true,
      "dependencies": {
        "playwright-core": "1.30.0"
      },
      "bin": {
        "playwright": "cli.js"
      },
      "engines": {
        "node": ">=14"
      }
    },
    "node_modules/playwright-core": {
      "version": "1.30.0",
      "resolved": "https://registry.npmjs.org/playwright-core/-/playwright-core-1.30.0.tgz",
      "integrity": "sha512-7AnRmTCf+GVYhHbLJsGUtskWTE33SwMZkybJ0v6rqR1boxq2x36U7p1vDRV7HO2IwTZgmycracLxPEJI49wu4g==",
      "bin": {
        "playwright": "cli.js"
      },
      "engines": {
        "node": ">=14"
      }
    }
  },
  "dependencies": {
    "@playwright/test": {
      "version": "1.30.0",
      "resolved": "https://registry.npmjs.org/@playwright/test/-/test-1.30.0.tgz",
      "integrity": "sha512-SVxkQw1xvn/Wk/EvBnqWIq6NLo1AppwbYOjNLmyU0R1RoQ3rLEBtmjTnElcnz8VEtn11fptj1ECxK0tgURhajw==",
      "dev": true,
      "requires": {
        "@types/node": "*",
        "playwright-core": "1.30.0"
      }
    },
    "@types/node": {
      "version": "18.13.0",
      "resolved": "https://registry.npmjs.org/@types/node/-/node-18.13.0.tgz",
      "integrity": "sha512-gC3TazRzGoOnoKAhUx+Q0t8S9Tzs74z7m0ipwGpSqQrleP14hKxP4/JUeEQcD3W1/aIpnWl8pHowI7WokuZpXg==",
      "dev": true
    },
    "luxon": {
      "version": "3.3.0",
      "resolved": "https://registry.npmjs.org/luxon/-/luxon-3.3.0.tgz",
      "integrity": "sha512-An0UCfG/rSiqtAIiBPO0Y9/zAnHUZxAMiCpTd5h2smgsj7GGmcenvrvww2cqNA8/4A5ZrD1gJpHN2mIHZQF+Mg=="
    },
    "playwright": {
      "version": "1.30.0",
      "resolved": "https://registry.npmjs.org/playwright/-/playwright-1.30.0.tgz",
      "integrity": "sha512-ENbW5o75HYB3YhnMTKJLTErIBExrSlX2ZZ1C/FzmHjUYIfxj/UnI+DWpQr992m+OQVSg0rCExAOlRwB+x+yyIg==",
      "requires": {
        "playwright-core": "1.30.0"
      }
    },
    "playwright-core": {
      "version": "1.30.0",
      "resolved": "https://registry.npmjs.org/playwright-core/-/playwright-core-1.30.0.tgz",
      "integrity": "sha512-7AnRmTCf+GVYhHbLJsGUtskWTE33SwMZkybJ0v6rqR1boxq2x36U7p1vDRV7HO2IwTZgmycracLxPEJI49wu4g=="
    }
  }
}
